
Microsoft Visual Studio Solution File, Format Version 12.00
# Visual Studio 15
VisualStudioVersion = 15.0.26124.0
MinimumVisualStudioVersion = 15.0.26124.0
Project("{2150E333-8FDC-42A3-9474-1A3956D46DE8}") = "src", "src", "{F5F7D028-0571-429F-91A7-7377BD461D02}"
EndProject
Project("{2150E333-8FDC-42A3-9474-1A3956D46DE8}") = "backend", "backend", "{3BCF1366-EDBD-4C4C-A88C-949B1CF25236}"
EndProject
Project("{2150E333-8FDC-42A3-9474-1A3956D46DE8}") = "application", "application", "{2403DDFD-BE8B-43A3-AF1A-BB4383CDB2CF}"
EndProject
Project("{FAE04EC0-301F-11D3-BF4B-00C04F79EFBC}") = "application.commands", "src\backend\application\application.commands\application.commands.csproj", "{DE113E3B-0050-47BB-9D1C-07A3E8BE395B}"
EndProject
Project("{FAE04EC0-301F-11D3-BF4B-00C04F79EFBC}") = "application.core", "src\backend\application\application.core\application.core.csproj", "{AA274C99-FF49-4760-A85A-35A7568D8001}"
EndProject
Project("{FAE04EC0-301F-11D3-BF4B-00C04F79EFBC}") = "application.queries", "src\backend\application\application.queries\application.queries.csproj", "{A2436F92-4CEF-48BF-92C9-6F72A9B3D64A}"
EndProject
Project("{2150E333-8FDC-42A3-9474-1A3956D46DE8}") = "infrastructure", "infrastructure", "{7CF21FD4-D1C3-4996-A2CB-9A3E9E3A11A0}"
EndProject
Project("{FAE04EC0-301F-11D3-BF4B-00C04F79EFBC}") = "infrastructure.email", "src\backend\infrastructure\infrastructure.email\infrastructure.email.csproj", "{65D60070-7285-480A-BFDD-4EC8DAFFD909}"
EndProject
Project("{FAE04EC0-301F-11D3-BF4B-00C04F79EFBC}") = "infrastructure.repository.mongo", "src\backend\infrastructure\infrastructure.repository.mongo\infrastructure.repository.mongo.csproj", "{1A345E45-6A0C-474C-A3A7-F5BB551A5E50}"
EndProject
Project("{2150E333-8FDC-42A3-9474-1A3956D46DE8}") = "service", "service", "{9F3F8045-600E-4191-B1A5-83051ED8733F}"
EndProject
Project("{FAE04EC0-301F-11D3-BF4B-00C04F79EFBC}") = "service.grpc", "src\backend\service\service.grpc\service.grpc.csproj", "{E004AA50-E7A7-4372-9D1F-E8BDBCF60785}"
EndProject
Project("{FAE04EC0-301F-11D3-BF4B-00C04F79EFBC}") = "service.rest", "src\backend\service\service.rest\service.rest.csproj", "{53C989F0-3206-4375-820F-623A126AD56A}"
EndProject
Global
	GlobalSection(SolutionConfigurationPlatforms) = preSolution
		Debug|Any CPU = Debug|Any CPU
		Debug|x64 = Debug|x64
		Debug|x86 = Debug|x86
		Release|Any CPU = Release|Any CPU
		Release|x64 = Release|x64
		Release|x86 = Release|x86
	EndGlobalSection
	GlobalSection(SolutionProperties) = preSolution
		HideSolutionNode = FALSE
	EndGlobalSection
	GlobalSection(ProjectConfigurationPlatforms) = postSolution
		{DE113E3B-0050-47BB-9D1C-07A3E8BE395B}.Debug|Any CPU.ActiveCfg = Debug|Any CPU
		{DE113E3B-0050-47BB-9D1C-07A3E8BE395B}.Debug|Any CPU.Build.0 = Debug|Any CPU
		{DE113E3B-0050-47BB-9D1C-07A3E8BE395B}.Debug|x64.ActiveCfg = Debug|Any CPU
		{DE113E3B-0050-47BB-9D1C-07A3E8BE395B}.Debug|x64.Build.0 = Debug|Any CPU
		{DE113E3B-0050-47BB-9D1C-07A3E8BE395B}.Debug|x86.ActiveCfg = Debug|Any CPU
		{DE113E3B-0050-47BB-9D1C-07A3E8BE395B}.Debug|x86.Build.0 = Debug|Any CPU
		{DE113E3B-0050-47BB-9D1C-07A3E8BE395B}.Release|Any CPU.ActiveCfg = Release|Any CPU
		{DE113E3B-0050-47BB-9D1C-07A3E8BE395B}.Release|Any CPU.Build.0 = Release|Any CPU
		{DE113E3B-0050-47BB-9D1C-07A3E8BE395B}.Release|x64.ActiveCfg = Release|Any CPU
		{DE113E3B-0050-47BB-9D1C-07A3E8BE395B}.Release|x64.Build.0 = Release|Any CPU
		{DE113E3B-0050-47BB-9D1C-07A3E8BE395B}.Release|x86.ActiveCfg = Release|Any CPU
		{DE113E3B-0050-47BB-9D1C-07A3E8BE395B}.Release|x86.Build.0 = Release|Any CPU
		{AA274C99-FF49-4760-A85A-35A7568D8001}.Debug|Any CPU.ActiveCfg = Debug|Any CPU
		{AA274C99-FF49-4760-A85A-35A7568D8001}.Debug|Any CPU.Build.0 = Debug|Any CPU
		{AA274C99-FF49-4760-A85A-35A7568D8001}.Debug|x64.ActiveCfg = Debug|Any CPU
		{AA274C99-FF49-4760-A85A-35A7568D8001}.Debug|x64.Build.0 = Debug|Any CPU
		{AA274C99-FF49-4760-A85A-35A7568D8001}.Debug|x86.ActiveCfg = Debug|Any CPU
		{AA274C99-FF49-4760-A85A-35A7568D8001}.Debug|x86.Build.0 = Debug|Any CPU
		{AA274C99-FF49-4760-A85A-35A7568D8001}.Release|Any CPU.ActiveCfg = Release|Any CPU
		{AA274C99-FF49-4760-A85A-35A7568D8001}.Release|Any CPU.Build.0 = Release|Any CPU
		{AA274C99-FF49-4760-A85A-35A7568D8001}.Release|x64.ActiveCfg = Release|Any CPU
		{AA274C99-FF49-4760-A85A-35A7568D8001}.Release|x64.Build.0 = Release|Any CPU
		{AA274C99-FF49-4760-A85A-35A7568D8001}.Release|x86.ActiveCfg = Release|Any CPU
		{AA274C99-FF49-4760-A85A-35A7568D8001}.Release|x86.Build.0 = Release|Any CPU
		{A2436F92-4CEF-48BF-92C9-6F72A9B3D64A}.Debug|Any CPU.ActiveCfg = Debug|Any CPU
		{A2436F92-4CEF-48BF-92C9-6F72A9B3D64A}.Debug|Any CPU.Build.0 = Debug|Any CPU
		{A2436F92-4CEF-48BF-92C9-6F72A9B3D64A}.Debug|x64.ActiveCfg = Debug|Any CPU
		{A2436F92-4CEF-48BF-92C9-6F72A9B3D64A}.Debug|x64.Build.0 = Debug|Any CPU
		{A2436F92-4CEF-48BF-92C9-6F72A9B3D64A}.Debug|x86.ActiveCfg = Debug|Any CPU
		{A2436F92-4CEF-48BF-92C9-6F72A9B3D64A}.Debug|x86.Build.0 = Debug|Any CPU
		{A2436F92-4CEF-48BF-92C9-6F72A9B3D64A}.Release|Any CPU.ActiveCfg = Release|Any CPU
		{A2436F92-4CEF-48BF-92C9-6F72A9B3D64A}.Release|Any CPU.Build.0 = Release|Any CPU
		{A2436F92-4CEF-48BF-92C9-6F72A9B3D64A}.Release|x64.ActiveCfg = Release|Any CPU
		{A2436F92-4CEF-48BF-92C9-6F72A9B3D64A}.Release|x64.Build.0 = Release|Any CPU
		{A2436F92-4CEF-48BF-92C9-6F72A9B3D64A}.Release|x86.ActiveCfg = Release|Any CPU
		{A2436F92-4CEF-48BF-92C9-6F72A9B3D64A}.Release|x86.Build.0 = Release|Any CPU
		{65D60070-7285-480A-BFDD-4EC8DAFFD909}.Debug|Any CPU.ActiveCfg = Debug|Any CPU
		{65D60070-7285-480A-BFDD-4EC8DAFFD909}.Debug|Any CPU.Build.0 = Debug|Any CPU
		{65D60070-7285-480A-BFDD-4EC8DAFFD909}.Debug|x64.ActiveCfg = Debug|Any CPU
		{65D60070-7285-480A-BFDD-4EC8DAFFD909}.Debug|x64.Build.0 = Debug|Any CPU
		{65D60070-7285-480A-BFDD-4EC8DAFFD909}.Debug|x86.ActiveCfg = Debug|Any CPU
		{65D60070-7285-480A-BFDD-4EC8DAFFD909}.Debug|x86.Build.0 = Debug|Any CPU
		{65D60070-7285-480A-BFDD-4EC8DAFFD909}.Release|Any CPU.ActiveCfg = Release|Any CPU
		{65D60070-7285-480A-BFDD-4EC8DAFFD909}.Release|Any CPU.Build.0 = Release|Any CPU
		{65D60070-7285-480A-BFDD-4EC8DAFFD909}.Release|x64.ActiveCfg = Release|Any CPU
		{65D60070-7285-480A-BFDD-4EC8DAFFD909}.Release|x64.Build.0 = Release|Any CPU
		{65D60070-7285-480A-BFDD-4EC8DAFFD909}.Release|x86.ActiveCfg = Release|Any CPU
		{65D60070-7285-480A-BFDD-4EC8DAFFD909}.Release|x86.Build.0 = Release|Any CPU
		{1A345E45-6A0C-474C-A3A7-F5BB551A5E50}.Debug|Any CPU.ActiveCfg = Debug|Any CPU
		{1A345E45-6A0C-474C-A3A7-F5BB551A5E50}.Debug|Any CPU.Build.0 = Debug|Any CPU
		{1A345E45-6A0C-474C-A3A7-F5BB551A5E50}.Debug|x64.ActiveCfg = Debug|Any CPU
		{1A345E45-6A0C-474C-A3A7-F5BB551A5E50}.Debug|x64.Build.0 = Debug|Any CPU
		{1A345E45-6A0C-474C-A3A7-F5BB551A5E50}.Debug|x86.ActiveCfg = Debug|Any CPU
		{1A345E45-6A0C-474C-A3A7-F5BB551A5E50}.Debug|x86.Build.0 = Debug|Any CPU
		{1A345E45-6A0C-474C-A3A7-F5BB551A5E50}.Release|Any CPU.ActiveCfg = Release|Any CPU
		{1A345E45-6A0C-474C-A3A7-F5BB551A5E50}.Release|Any CPU.Build.0 = Release|Any CPU
		{1A345E45-6A0C-474C-A3A7-F5BB551A5E50}.Release|x64.ActiveCfg = Release|Any CPU
		{1A345E45-6A0C-474C-A3A7-F5BB551A5E50}.Release|x64.Build.0 = Release|Any CPU
		{1A345E45-6A0C-474C-A3A7-F5BB551A5E50}.Release|x86.ActiveCfg = Release|Any CPU
		{1A345E45-6A0C-474C-A3A7-F5BB551A5E50}.Release|x86.Build.0 = Release|Any CPU
		{E004AA50-E7A7-4372-9D1F-E8BDBCF60785}.Debug|Any CPU.ActiveCfg = Debug|Any CPU
		{E004AA50-E7A7-4372-9D1F-E8BDBCF60785}.Debug|Any CPU.Build.0 = Debug|Any CPU
		{E004AA50-E7A7-4372-9D1F-E8BDBCF60785}.Debug|x64.ActiveCfg = Debug|Any CPU
		{E004AA50-E7A7-4372-9D1F-E8BDBCF60785}.Debug|x64.Build.0 = Debug|Any CPU
		{E004AA50-E7A7-4372-9D1F-E8BDBCF60785}.Debug|x86.ActiveCfg = Debug|Any CPU
		{E004AA50-E7A7-4372-9D1F-E8BDBCF60785}.Debug|x86.Build.0 = Debug|Any CPU
		{E004AA50-E7A7-4372-9D1F-E8BDBCF60785}.Release|Any CPU.ActiveCfg = Release|Any CPU
		{E004AA50-E7A7-4372-9D1F-E8BDBCF60785}.Release|Any CPU.Build.0 = Release|Any CPU
		{E004AA50-E7A7-4372-9D1F-E8BDBCF60785}.Release|x64.ActiveCfg = Release|Any CPU
		{E004AA50-E7A7-4372-9D1F-E8BDBCF60785}.Release|x64.Build.0 = Release|Any CPU
		{E004AA50-E7A7-4372-9D1F-E8BDBCF60785}.Release|x86.ActiveCfg = Release|Any CPU
		{E004AA50-E7A7-4372-9D1F-E8BDBCF60785}.Release|x86.Build.0 = Release|Any CPU
		{53C989F0-3206-4375-820F-623A126AD56A}.Debug|Any CPU.ActiveCfg = Debug|Any CPU
		{53C989F0-3206-4375-820F-623A126AD56A}.Debug|Any CPU.Build.0 = Debug|Any CPU
		{53C989F0-3206-4375-820F-623A126AD56A}.Debug|x64.ActiveCfg = Debug|Any CPU
		{53C989F0-3206-4375-820F-623A126AD56A}.Debug|x64.Build.0 = Debug|Any CPU
		{53C989F0-3206-4375-820F-623A126AD56A}.Debug|x86.ActiveCfg = Debug|Any CPU
		{53C989F0-3206-4375-820F-623A126AD56A}.Debug|x86.Build.0 = Debug|Any CPU
		{53C989F0-3206-4375-820F-623A126AD56A}.Release|Any CPU.ActiveCfg = Release|Any CPU
		{53C989F0-3206-4375-820F-623A126AD56A}.Release|Any CPU.Build.0 = Release|Any CPU
		{53C989F0-3206-4375-820F-623A126AD56A}.Release|x64.ActiveCfg = Release|Any CPU
		{53C989F0-3206-4375-820F-623A126AD56A}.Release|x64.Build.0 = Release|Any CPU
		{53C989F0-3206-4375-820F-623A126AD56A}.Release|x86.ActiveCfg = Release|Any CPU
		{53C989F0-3206-4375-820F-623A126AD56A}.Release|x86.Build.0 = Release|Any CPU
	EndGlobalSection
	GlobalSection(NestedProjects) = preSolution
		{3BCF1366-EDBD-4C4C-A88C-949B1CF25236} = {F5F7D028-0571-429F-91A7-7377BD461D02}
		{2403DDFD-BE8B-43A3-AF1A-BB4383CDB2CF} = {3BCF1366-EDBD-4C4C-A88C-949B1CF25236}
		{DE113E3B-0050-47BB-9D1C-07A3E8BE395B} = {2403DDFD-BE8B-43A3-AF1A-BB4383CDB2CF}
		{AA274C99-FF49-4760-A85A-35A7568D8001} = {2403DDFD-BE8B-43A3-AF1A-BB4383CDB2CF}
		{A2436F92-4CEF-48BF-92C9-6F72A9B3D64A} = {2403DDFD-BE8B-43A3-AF1A-BB4383CDB2CF}
		{7CF21FD4-D1C3-4996-A2CB-9A3E9E3A11A0} = {3BCF1366-EDBD-4C4C-A88C-949B1CF25236}
		{65D60070-7285-480A-BFDD-4EC8DAFFD909} = {7CF21FD4-D1C3-4996-A2CB-9A3E9E3A11A0}
		{1A345E45-6A0C-474C-A3A7-F5BB551A5E50} = {7CF21FD4-D1C3-4996-A2CB-9A3E9E3A11A0}
		{9F3F8045-600E-4191-B1A5-83051ED8733F} = {3BCF1366-EDBD-4C4C-A88C-949B1CF25236}
		{E004AA50-E7A7-4372-9D1F-E8BDBCF60785} = {9F3F8045-600E-4191-B1A5-83051ED8733F}
		{53C989F0-3206-4375-820F-623A126AD56A} = {9F3F8045-600E-4191-B1A5-83051ED8733F}
	EndGlobalSection
EndGlobal
